// !$*UTF8*$!
{
	archiveVersion = 1;
	classes = {
	};
	objectVersion = 46;
	objects = {

/* Begin PBXBuildFile section */
		2A93668E1A9D884200B0D650 /* ASTestTarget-Info.plist in Resources */ = {isa = PBXBuildFile; fileRef = 2A93668C1A9D884200B0D650 /* ASTestTarget-Info.plist */; };
		2ADEF4271A9C3ED5002D5067 /* Images.xcassets in Resources */ = {isa = PBXBuildFile; fileRef = 2ADEF4261A9C3ED5002D5067 /* Images.xcassets */; };
		2ADEF42A1A9C3ED5002D5067 /* LaunchScreen.xib in Resources */ = {isa = PBXBuildFile; fileRef = 2ADEF4281A9C3ED5002D5067 /* LaunchScreen.xib */; };
		2ADEF44E1A9C9341002D5067 /* AppDelegate.m in Sources */ = {isa = PBXBuildFile; fileRef = 2ADEF44A1A9C9341002D5067 /* AppDelegate.m */; };
		2ADEF4551A9C9523002D5067 /* ASViewController.m in Sources */ = {isa = PBXBuildFile; fileRef = 2ADEF4531A9C9523002D5067 /* ASViewController.m */; };
		2ADEF4561A9C9523002D5067 /* ASViewController.xib in Resources */ = {isa = PBXBuildFile; fileRef = 2ADEF4541A9C9523002D5067 /* ASViewController.xib */; };
		2ADEF45B1A9C9A37002D5067 /* ASUtility.m in Sources */ = {isa = PBXBuildFile; fileRef = 2ADEF45A1A9C9A37002D5067 /* ASUtility.m */; };
		2ADEF4641A9CA3D0002D5067 /* Info.plist in Resources */ = {isa = PBXBuildFile; fileRef = 2ADEF4611A9CA3D0002D5067 /* Info.plist */; };
		2ADEF4651A9CA3D0002D5067 /* main.m in Sources */ = {isa = PBXBuildFile; fileRef = 2ADEF4621A9CA3D0002D5067 /* main.m */; };
		2ADEF4661A9CA3D0002D5067 /* Read Me.txt in Resources */ = {isa = PBXBuildFile; fileRef = 2ADEF4631A9CA3D0002D5067 /* Read Me.txt */; };
		2ADEF46D1A9CB4FB002D5067 /* AppDelegate.m in Sources */ = {isa = PBXBuildFile; fileRef = 2ADEF44A1A9C9341002D5067 /* AppDelegate.m */; };
		2ADEF46E1A9CB4FB002D5067 /* ASViewController.m in Sources */ = {isa = PBXBuildFile; fileRef = 2ADEF4531A9C9523002D5067 /* ASViewController.m */; };
		2ADEF46F1A9CB4FB002D5067 /* main.m in Sources */ = {isa = PBXBuildFile; fileRef = 2ADEF4621A9CA3D0002D5067 /* main.m */; };
		2ADEF4701A9CB4FB002D5067 /* ASUtility.m in Sources */ = {isa = PBXBuildFile; fileRef = 2ADEF45A1A9C9A37002D5067 /* ASUtility.m */; };
		2ADEF4731A9CB4FB002D5067 /* Info.plist in Resources */ = {isa = PBXBuildFile; fileRef = 2ADEF4611A9CA3D0002D5067 /* Info.plist */; };
		2ADEF4741A9CB4FB002D5067 /* ASViewController.xib in Resources */ = {isa = PBXBuildFile; fileRef = 2ADEF4541A9C9523002D5067 /* ASViewController.xib */; };
		2ADEF4751A9CB4FB002D5067 /* LaunchScreen.xib in Resources */ = {isa = PBXBuildFile; fileRef = 2ADEF4281A9C3ED5002D5067 /* LaunchScreen.xib */; };
		2ADEF4761A9CB4FB002D5067 /* Read Me.txt in Resources */ = {isa = PBXBuildFile; fileRef = 2ADEF4631A9CA3D0002D5067 /* Read Me.txt */; };
		2ADEF4771A9CB4FB002D5067 /* Images.xcassets in Resources */ = {isa = PBXBuildFile; fileRef = 2ADEF4261A9C3ED5002D5067 /* Images.xcassets */; };
/* End PBXBuildFile section */

/* Begin PBXFileReference section */
		2A93668C1A9D884200B0D650 /* ASTestTarget-Info.plist */ = {isa = PBXFileReference; fileEncoding = 4; lastKnownFileType = text.plist.xml; path = "ASTestTarget-Info.plist"; sourceTree = "<group>"; };
		2ADEF4161A9C3ED5002D5067 /* ASSnippets.app */ = {isa = PBXFileReference; explicitFileType = wrapper.application; includeInIndex = 0; path = ASSnippets.app; sourceTree = BUILT_PRODUCTS_DIR; };
		2ADEF4261A9C3ED5002D5067 /* Images.xcassets */ = {isa = PBXFileReference; lastKnownFileType = folder.assetcatalog; path = Images.xcassets; sourceTree = "<group>"; };
		2ADEF4291A9C3ED5002D5067 /* Base */ = {isa = PBXFileReference; lastKnownFileType = file.xib; name = Base; path = Base.lproj/LaunchScreen.xib; sourceTree = "<group>"; };
		2ADEF4491A9C9341002D5067 /* AppDelegate.h */ = {isa = PBXFileReference; fileEncoding = 4; lastKnownFileType = sourcecode.c.h; path = AppDelegate.h; sourceTree = "<group>"; };
		2ADEF44A1A9C9341002D5067 /* AppDelegate.m */ = {isa = PBXFileReference; fileEncoding = 4; lastKnownFileType = sourcecode.c.objc; path = AppDelegate.m; sourceTree = "<group>"; };
		2ADEF4521A9C9523002D5067 /* ASViewController.h */ = {isa = PBXFileReference; fileEncoding = 4; lastKnownFileType = sourcecode.c.h; path = ASViewController.h; sourceTree = "<group>"; };
		2ADEF4531A9C9523002D5067 /* ASViewController.m */ = {isa = PBXFileReference; fileEncoding = 4; lastKnownFileType = sourcecode.c.objc; path = ASViewController.m; sourceTree = "<group>"; };
		2ADEF4541A9C9523002D5067 /* ASViewController.xib */ = {isa = PBXFileReference; fileEncoding = 4; lastKnownFileType = file.xib; path = ASViewController.xib; sourceTree = "<group>"; };
		2ADEF4591A9C9A37002D5067 /* ASUtility.h */ = {isa = PBXFileReference; fileEncoding = 4; lastKnownFileType = sourcecode.c.h; path = ASUtility.h; sourceTree = "<group>"; };
		2ADEF45A1A9C9A37002D5067 /* ASUtility.m */ = {isa = PBXFileReference; fileEncoding = 4; lastKnownFileType = sourcecode.c.objc; path = ASUtility.m; sourceTree = "<group>"; };
		2ADEF45D1A9C9AC3002D5067 /* ASConstant.h */ = {isa = PBXFileReference; fileEncoding = 4; lastKnownFileType = sourcecode.c.h; path = ASConstant.h; sourceTree = "<group>"; };
		2ADEF4601A9CA3CF002D5067 /* AS-PrefixHeader.pch */ = {isa = PBXFileReference; fileEncoding = 4; lastKnownFileType = sourcecode.c.h; path = "AS-PrefixHeader.pch"; sourceTree = "<group>"; };
		2ADEF4611A9CA3D0002D5067 /* Info.plist */ = {isa = PBXFileReference; fileEncoding = 4; lastKnownFileType = text.plist.xml; path = Info.plist; sourceTree = "<group>"; };
		2ADEF4621A9CA3D0002D5067 /* main.m */ = {isa = PBXFileReference; fileEncoding = 4; lastKnownFileType = sourcecode.c.objc; path = main.m; sourceTree = "<group>"; };
		2ADEF4631A9CA3D0002D5067 /* Read Me.txt */ = {isa = PBXFileReference; fileEncoding = 4; lastKnownFileType = text; path = "Read Me.txt"; sourceTree = "<group>"; };
		2ADEF47B1A9CB4FB002D5067 /* ASSnippets copy.app */ = {isa = PBXFileReference; explicitFileType = wrapper.application; includeInIndex = 0; path = "ASSnippets copy.app"; sourceTree = BUILT_PRODUCTS_DIR; };
/* End PBXFileReference section */

/* Begin PBXFrameworksBuildPhase section */
		2ADEF4131A9C3ED5002D5067 /* Frameworks */ = {
			isa = PBXFrameworksBuildPhase;
			buildActionMask = 2147483647;
			files = (
			);
			runOnlyForDeploymentPostprocessing = 0;
		};
		2ADEF4711A9CB4FB002D5067 /* Frameworks */ = {
			isa = PBXFrameworksBuildPhase;
			buildActionMask = 2147483647;
			files = (
			);
			runOnlyForDeploymentPostprocessing = 0;
		};
/* End PBXFrameworksBuildPhase section */

/* Begin PBXGroup section */
		2ADEF40D1A9C3ED5002D5067 = {
			isa = PBXGroup;
			children = (
				2ADEF4181A9C3ED5002D5067 /* ASSnippets */,
				2ADEF4171A9C3ED5002D5067 /* Products */,
			);
			sourceTree = "<group>";
		};
		2ADEF4171A9C3ED5002D5067 /* Products */ = {
			isa = PBXGroup;
			children = (
				2ADEF4161A9C3ED5002D5067 /* ASSnippets.app */,
				2ADEF47B1A9CB4FB002D5067 /* ASSnippets copy.app */,
			);
			name = Products;
			sourceTree = "<group>";
		};
		2ADEF4181A9C3ED5002D5067 /* ASSnippets */ = {
			isa = PBXGroup;
			children = (
				2ADEF4481A9C9341002D5067 /* App Delegate */,
				2ADEF4511A9C94E6002D5067 /* ASViewController */,
				2ADEF44B1A9C9341002D5067 /* Categories */,
				2ADEF44C1A9C9341002D5067 /* Helpers */,
				2ADEF44D1A9C9341002D5067 /* Resources */,
				2ADEF45F1A9CA3CF002D5067 /* Supporting Files */,
				2ADEF4261A9C3ED5002D5067 /* Images.xcassets */,
				2ADEF4281A9C3ED5002D5067 /* LaunchScreen.xib */,
			);
			path = ASSnippets;
			sourceTree = "<group>";
		};
		2ADEF4481A9C9341002D5067 /* App Delegate */ = {
			isa = PBXGroup;
			children = (
				2ADEF4491A9C9341002D5067 /* AppDelegate.h */,
				2ADEF44A1A9C9341002D5067 /* AppDelegate.m */,
				2ADEF45D1A9C9AC3002D5067 /* ASConstant.h */,
			);
			path = "App Delegate";
			sourceTree = "<group>";
		};
		2ADEF44B1A9C9341002D5067 /* Categories */ = {
			isa = PBXGroup;
			children = (
			);
			path = Categories;
			sourceTree = "<group>";
		};
		2ADEF44C1A9C9341002D5067 /* Helpers */ = {
			isa = PBXGroup;
			children = (
				2ADEF4581A9C9A05002D5067 /* Utilities */,
			);
			path = Helpers;
			sourceTree = "<group>";
		};
		2ADEF44D1A9C9341002D5067 /* Resources */ = {
			isa = PBXGroup;
			children = (
			);
			path = Resources;
			sourceTree = "<group>";
		};
		2ADEF4511A9C94E6002D5067 /* ASViewController */ = {
			isa = PBXGroup;
			children = (
				2ADEF4521A9C9523002D5067 /* ASViewController.h */,
				2ADEF4531A9C9523002D5067 /* ASViewController.m */,
				2ADEF4541A9C9523002D5067 /* ASViewController.xib */,
			);
			path = ASViewController;
			sourceTree = "<group>";
		};
		2ADEF4581A9C9A05002D5067 /* Utilities */ = {
			isa = PBXGroup;
			children = (
				2ADEF4591A9C9A37002D5067 /* ASUtility.h */,
				2ADEF45A1A9C9A37002D5067 /* ASUtility.m */,
			);
			path = Utilities;
			sourceTree = "<group>";
		};
		2ADEF45F1A9CA3CF002D5067 /* Supporting Files */ = {
			isa = PBXGroup;
			children = (
				2A93668C1A9D884200B0D650 /* ASTestTarget-Info.plist */,
				2ADEF4611A9CA3D0002D5067 /* Info.plist */,
				2ADEF4621A9CA3D0002D5067 /* main.m */,
				2ADEF4631A9CA3D0002D5067 /* Read Me.txt */,
				2ADEF4601A9CA3CF002D5067 /* AS-PrefixHeader.pch */,
			);
			path = "Supporting Files";
			sourceTree = "<group>";
		};
/* End PBXGroup section */

/* Begin PBXNativeTarget section */
		2ADEF4151A9C3ED5002D5067 /* ASSnippets */ = {
			isa = PBXNativeTarget;
			buildConfigurationList = 2ADEF4391A9C3ED6002D5067 /* Build configuration list for PBXNativeTarget "ASSnippets" */;
			buildPhases = (
				2ADEF4121A9C3ED5002D5067 /* Sources */,
				2ADEF4131A9C3ED5002D5067 /* Frameworks */,
				2ADEF4141A9C3ED5002D5067 /* Resources */,
			);
			buildRules = (
			);
			dependencies = (
			);
			name = ASSnippets;
			productName = ASSnippets;
			productReference = 2ADEF4161A9C3ED5002D5067 /* ASSnippets.app */;
			productType = "com.apple.product-type.application";
		};
		2ADEF46B1A9CB4FB002D5067 /* ASTestTarget */ = {
			isa = PBXNativeTarget;
			buildConfigurationList = 2ADEF4781A9CB4FB002D5067 /* Build configuration list for PBXNativeTarget "ASTestTarget" */;
			buildPhases = (
				2ADEF46C1A9CB4FB002D5067 /* Sources */,
				2ADEF4711A9CB4FB002D5067 /* Frameworks */,
				2ADEF4721A9CB4FB002D5067 /* Resources */,
			);
			buildRules = (
			);
			dependencies = (
			);
			name = ASTestTarget;
			productName = ASSnippets;
			productReference = 2ADEF47B1A9CB4FB002D5067 /* ASSnippets copy.app */;
			productType = "com.apple.product-type.application";
		};
/* End PBXNativeTarget section */

/* Begin PBXProject section */
		2ADEF40E1A9C3ED5002D5067 /* Project object */ = {
			isa = PBXProject;
			attributes = {
				LastUpgradeCheck = 0610;
				ORGANIZATIONNAME = atti14;
				TargetAttributes = {
					2ADEF4151A9C3ED5002D5067 = {
						CreatedOnToolsVersion = 6.1;
					};
				};
			};
			buildConfigurationList = 2ADEF4111A9C3ED5002D5067 /* Build configuration list for PBXProject "ASSnippets" */;
			compatibilityVersion = "Xcode 3.2";
			developmentRegion = English;
			hasScannedForEncodings = 0;
			knownRegions = (
				en,
				Base,
			);
			mainGroup = 2ADEF40D1A9C3ED5002D5067;
			productRefGroup = 2ADEF4171A9C3ED5002D5067 /* Products */;
			projectDirPath = "";
			projectRoot = "";
			targets = (
				2ADEF4151A9C3ED5002D5067 /* ASSnippets */,
				2ADEF46B1A9CB4FB002D5067 /* ASTestTarget */,
			);
		};
/* End PBXProject section */

/* Begin PBXResourcesBuildPhase section */
		2ADEF4141A9C3ED5002D5067 /* Resources */ = {
			isa = PBXResourcesBuildPhase;
			buildActionMask = 2147483647;
			files = (
				2ADEF4641A9CA3D0002D5067 /* Info.plist in Resources */,
				2ADEF4561A9C9523002D5067 /* ASViewController.xib in Resources */,
				2ADEF42A1A9C3ED5002D5067 /* LaunchScreen.xib in Resources */,
				2ADEF4661A9CA3D0002D5067 /* Read Me.txt in Resources */,
				2ADEF4271A9C3ED5002D5067 /* Images.xcassets in Resources */,
			);
			runOnlyForDeploymentPostprocessing = 0;
		};
		2ADEF4721A9CB4FB002D5067 /* Resources */ = {
			isa = PBXResourcesBuildPhase;
			buildActionMask = 2147483647;
			files = (
				2ADEF4731A9CB4FB002D5067 /* Info.plist in Resources */,
				2ADEF4741A9CB4FB002D5067 /* ASViewController.xib in Resources */,
				2ADEF4751A9CB4FB002D5067 /* LaunchScreen.xib in Resources */,
				2A93668E1A9D884200B0D650 /* ASTestTarget-Info.plist in Resources */,
				2ADEF4761A9CB4FB002D5067 /* Read Me.txt in Resources */,
				2ADEF4771A9CB4FB002D5067 /* Images.xcassets in Resources */,
			);
			runOnlyForDeploymentPostprocessing = 0;
		};
/* End PBXResourcesBuildPhase section */

/* Begin PBXSourcesBuildPhase section */
		2ADEF4121A9C3ED5002D5067 /* Sources */ = {
			isa = PBXSourcesBuildPhase;
			buildActionMask = 2147483647;
			files = (
				2ADEF44E1A9C9341002D5067 /* AppDelegate.m in Sources */,
				2ADEF4551A9C9523002D5067 /* ASViewController.m in Sources */,
				2ADEF4651A9CA3D0002D5067 /* main.m in Sources */,
				2ADEF45B1A9C9A37002D5067 /* ASUtility.m in Sources */,
			);
			runOnlyForDeploymentPostprocessing = 0;
		};
		2ADEF46C1A9CB4FB002D5067 /* Sources */ = {
			isa = PBXSourcesBuildPhase;
			buildActionMask = 2147483647;
			files = (
				2ADEF46D1A9CB4FB002D5067 /* AppDelegate.m in Sources */,
				2ADEF46E1A9CB4FB002D5067 /* ASViewController.m in Sources */,
				2ADEF46F1A9CB4FB002D5067 /* main.m in Sources */,
				2ADEF4701A9CB4FB002D5067 /* ASUtility.m in Sources */,
			);
			runOnlyForDeploymentPostprocessing = 0;
		};
/* End PBXSourcesBuildPhase section */

/* Begin PBXVariantGroup section */
		2ADEF4281A9C3ED5002D5067 /* LaunchScreen.xib */ = {
			isa = PBXVariantGroup;
			children = (
				2ADEF4291A9C3ED5002D5067 /* Base */,
			);
			name = LaunchScreen.xib;
			sourceTree = "<group>";
		};
/* End PBXVariantGroup section */

/* Begin XCBuildConfiguration section */
		2ADEF4371A9C3ED6002D5067 /* Debug */ = {
			isa = XCBuildConfiguration;
			buildSettings = {
				ALWAYS_SEARCH_USER_PATHS = NO;
				CLANG_CXX_LANGUAGE_STANDARD = "gnu++0x";
				CLANG_CXX_LIBRARY = "libc++";
				CLANG_ENABLE_MODULES = YES;
				CLANG_ENABLE_OBJC_ARC = YES;
				CLANG_WARN_BOOL_CONVERSION = YES;
				CLANG_WARN_CONSTANT_CONVERSION = YES;
				CLANG_WARN_DIRECT_OBJC_ISA_USAGE = YES_ERROR;
				CLANG_WARN_EMPTY_BODY = YES;
				CLANG_WARN_ENUM_CONVERSION = YES;
				CLANG_WARN_INT_CONVERSION = YES;
				CLANG_WARN_OBJC_ROOT_CLASS = YES_ERROR;
				CLANG_WARN_UNREACHABLE_CODE = YES;
				CLANG_WARN__DUPLICATE_METHOD_MATCH = YES;
				"CODE_SIGN_IDENTITY[sdk=iphoneos*]" = "iPhone Developer";
				COPY_PHASE_STRIP = NO;
				ENABLE_STRICT_OBJC_MSGSEND = YES;
				GCC_C_LANGUAGE_STANDARD = gnu99;
				GCC_DYNAMIC_NO_PIC = NO;
				GCC_OPTIMIZATION_LEVEL = 0;
				GCC_PREPROCESSOR_DEFINITIONS = (
					"DEBUG=1",
					"$(inherited)",
				);
				GCC_SYMBOLS_PRIVATE_EXTERN = NO;
				GCC_WARN_64_TO_32_BIT_CONVERSION = YES;
				GCC_WARN_ABOUT_RETURN_TYPE = YES_ERROR;
				GCC_WARN_UNDECLARED_SELECTOR = YES;
				GCC_WARN_UNINITIALIZED_AUTOS = YES_AGGRESSIVE;
				GCC_WARN_UNUSED_FUNCTION = YES;
				GCC_WARN_UNUSED_VARIABLE = YES;
				IPHONEOS_DEPLOYMENT_TARGET = 8.1;
				MTL_ENABLE_DEBUG_INFO = YES;
				ONLY_ACTIVE_ARCH = YES;
				SDKROOT = iphoneos;
				TARGETED_DEVICE_FAMILY = "1,2";
			};
			name = Debug;
		};
		2ADEF4381A9C3ED6002D5067 /* Release */ = {
			isa = XCBuildConfiguration;
			buildSettings = {
				ALWAYS_SEARCH_USER_PATHS = NO;
				CLANG_CXX_LANGUAGE_STANDARD = "gnu++0x";
				CLANG_CXX_LIBRARY = "libc++";
				CLANG_ENABLE_MODULES = YES;
				CLANG_ENABLE_OBJC_ARC = YES;
				CLANG_WARN_BOOL_CONVERSION = YES;
				CLANG_WARN_CONSTANT_CONVERSION = YES;
				CLANG_WARN_DIRECT_OBJC_ISA_USAGE = YES_ERROR;
				CLANG_WARN_EMPTY_BODY = YES;
				CLANG_WARN_ENUM_CONVERSION = YES;
				CLANG_WARN_INT_CONVERSION = YES;
				CLANG_WARN_OBJC_ROOT_CLASS = YES_ERROR;
				CLANG_WARN_UNREACHABLE_CODE = YES;
				CLANG_WARN__DUPLICATE_METHOD_MATCH = YES;
				"CODE_SIGN_IDENTITY[sdk=iphoneos*]" = "iPhone Developer";
				COPY_PHASE_STRIP = YES;
				ENABLE_NS_ASSERTIONS = NO;
				ENABLE_STRICT_OBJC_MSGSEND = YES;
				GCC_C_LANGUAGE_STANDARD = gnu99;
				GCC_WARN_64_TO_32_BIT_CONVERSION = YES;
				GCC_WARN_ABOUT_RETURN_TYPE = YES_ERROR;
				GCC_WARN_UNDECLARED_SELECTOR = YES;
				GCC_WARN_UNINITIALIZED_AUTOS = YES_AGGRESSIVE;
				GCC_WARN_UNUSED_FUNCTION = YES;
				GCC_WARN_UNUSED_VARIABLE = YES;
				IPHONEOS_DEPLOYMENT_TARGET = 8.1;
				MTL_ENABLE_DEBUG_INFO = NO;
				SDKROOT = iphoneos;
				TARGETED_DEVICE_FAMILY = "1,2";
				VALIDATE_PRODUCT = YES;
			};
			name = Release;
		};
		2ADEF43A1A9C3ED6002D5067 /* Debug */ = {
			isa = XCBuildConfiguration;
			buildSettings = {
				ASSETCATALOG_COMPILER_APPICON_NAME = AppIcon;
				ASSETCATALOG_COMPILER_LAUNCHIMAGE_NAME = LaunchImage;
				GCC_PRECOMPILE_PREFIX_HEADER = YES;
				GCC_PREFIX_HEADER = "$(SRCROOT)/ASSnippets/Supporting Files/AS-PrefixHeader.pch";
				INFOPLIST_FILE = "$(SRCROOT)/ASSnippets/Supporting Files/Info.plist";
				IPHONEOS_DEPLOYMENT_TARGET = 8.0;
				LD_RUNPATH_SEARCH_PATHS = "$(inherited) @executable_path/Frameworks";
				PRODUCT_NAME = "$(TARGET_NAME)";
				TARGETED_DEVICE_FAMILY = "1,2";
			};
			name = Debug;
		};
		2ADEF43B1A9C3ED6002D5067 /* Release */ = {
			isa = XCBuildConfiguration;
			buildSettings = {
				ASSETCATALOG_COMPILER_APPICON_NAME = AppIcon;
				ASSETCATALOG_COMPILER_LAUNCHIMAGE_NAME = LaunchImage;
				GCC_PRECOMPILE_PREFIX_HEADER = YES;
				GCC_PREFIX_HEADER = "$(SRCROOT)/ASSnippets/Supporting Files/AS-PrefixHeader.pch";
				INFOPLIST_FILE = "$(SRCROOT)/ASSnippets/Supporting Files/Info.plist";
				IPHONEOS_DEPLOYMENT_TARGET = 8.0;
				LD_RUNPATH_SEARCH_PATHS = "$(inherited) @executable_path/Frameworks";
				PRODUCT_NAME = "$(TARGET_NAME)";
				TARGETED_DEVICE_FAMILY = "1,2";
			};
			name = Release;
		};
		2ADEF4791A9CB4FB002D5067 /* Debug */ = {
			isa = XCBuildConfiguration;
			buildSettings = {
				ASSETCATALOG_COMPILER_APPICON_NAME = AppIcon;
				ASSETCATALOG_COMPILER_LAUNCHIMAGE_NAME = LaunchImage;
				GCC_PRECOMPILE_PREFIX_HEADER = YES;
				GCC_PREFIX_HEADER = "$(SRCROOT)/ASSnippets/Supporting Files/AS-PrefixHeader.pch";
				GCC_PREPROCESSOR_DEFINITIONS = (
					"DEBUG=1",
					"$(inherited)",
					"ASTest=1",
				);
				INFOPLIST_FILE = "$(SRCROOT)/ASSnippets/Supporting Files/ASTestTarget-Info.plist";
				IPHONEOS_DEPLOYMENT_TARGET = 8.0;
				LD_RUNPATH_SEARCH_PATHS = "$(inherited) @executable_path/Frameworks";
				PRODUCT_NAME = "ASSnippets copy";
				TARGETED_DEVICE_FAMILY = "1,2";
			};
			name = Debug;
		};
		2ADEF47A1A9CB4FB002D5067 /* Release */ = {
			isa = XCBuildConfiguration;
			buildSettings = {
				ASSETCATALOG_COMPILER_APPICON_NAME = AppIcon;
				ASSETCATALOG_COMPILER_LAUNCHIMAGE_NAME = LaunchImage;
				GCC_PRECOMPILE_PREFIX_HEADER = YES;
				GCC_PREFIX_HEADER = "$(SRCROOT)/ASSnippets/Supporting Files/AS-PrefixHeader.pch";
				GCC_PREPROCESSOR_DEFINITIONS = "ASTest=1";
				INFOPLIST_FILE = "$(SRCROOT)/ASSnippets/Supporting Files/ASTestTarget-Info.plist";
				IPHONEOS_DEPLOYMENT_TARGET = 8.0;
				LD_RUNPATH_SEARCH_PATHS = "$(inherited) @executable_path/Frameworks";
				PRODUCT_NAME = "ASSnippets copy";
				TARGETED_DEVICE_FAMILY = "1,2";
			};
			name = Release;
		};
/* End XCBuildConfiguration section */

/* Begin XCConfigurationList section */
		2ADEF4111A9C3ED5002D5067 /* Build configuration list for PBXProject "ASSnippets" */ = {
			isa = XCConfigurationList;
			buildConfigurations = (
				2ADEF4371A9C3ED6002D5067 /* Debug */,
				2ADEF4381A9C3ED6002D5067 /* Release */,
			);
			defaultConfigurationIsVisible = 0;
			defaultConfigurationName = Release;
		};
		2ADEF4391A9C3ED6002D5067 /* Build configuration list for PBXNativeTarget "ASSnippets" */ = {
			isa = XCConfigurationList;
			buildConfigurations = (
				2ADEF43A1A9C3ED6002D5067 /* Debug */,
				2ADEF43B1A9C3ED6002D5067 /* Release */,
			);
			defaultConfigurationIsVisible = 0;
			defaultConfigurationName = Release;
		};
		2ADEF4781A9CB4FB002D5067 /* Build configuration list for PBXNativeTarget "ASTestTarget" */ = {
			isa = XCConfigurationList;
			buildConfigurations = (
				2ADEF4791A9CB4FB002D5067 /* Debug */,
				2ADEF47A1A9CB4FB002D5067 /* Release */,
			);
			defaultConfigurationIsVisible = 0;
			defaultConfigurationName = Release;
		};
/* End XCConfigurationList section */
	};
	rootObject = 2ADEF40E1A9C3ED5002D5067 /* Project object */;
}
